
Microsoft Visual Studio Solution File, Format Version 12.00
# Visual Studio Version 17
VisualStudioVersion = 17.0.31903.59
MinimumVisualStudioVersion = 10.0.40219.1
Project("{9A19103F-16F7-4668-BE54-9A1E7A4F7556}") = "Tyuiu.KimmelDS.Sprint1.Task0.V8.Lib", "Tyuiu.KimmelDS.Sprint1.Task0.V8.Lib\Tyuiu.KimmelDS.Sprint1.Task0.V8.Lib.csproj", "{D3D10EF6-8A39-4AC6-8487-8140FEEBC585}"
EndProject
Project("{9A19103F-16F7-4668-BE54-9A1E7A4F7556}") = "Tyuiu.KimmelDS.Sprint1.Task0.V8", "Tyuiu.KimmelDS.Sprint1.Task0.V8\Tyuiu.KimmelDS.Sprint1.Task0.V8.csproj", "{9C1FCE57-A0C0-4382-BDA9-FA4795D99BD0}"
EndProject
Project("{9A19103F-16F7-4668-BE54-9A1E7A4F7556}") = "Tyuiu.KimmelDS.Sprint1.Task0.V8.Test", "Tyuiu.KimmelDS.Sprint1.Task0.V8.Test\Tyuiu.KimmelDS.Sprint1.Task0.V8.Test.csproj", "{A6944EBC-8B87-480D-B67E-64D31558328B}"
EndProject
Project("{2150E333-8FDC-42A3-9474-1A3956D46DE8}") = "Task0", "Task0", "{50E5D090-5186-4A2E-B71D-365C7F24CD63}"
EndProject
Project("{9A19103F-16F7-4668-BE54-9A1E7A4F7556}") = "Tyuiu.KimmelDS.Sprint1.Task1.V29.Lib", "Tyuiu.KimmelDS.Sprint1.Task1.V29.Lib\Tyuiu.KimmelDS.Sprint1.Task1.V29.Lib.csproj", "{CD23DFE5-781D-420F-9C0A-C1A655065073}"
EndProject
Project("{9A19103F-16F7-4668-BE54-9A1E7A4F7556}") = "Tyuiu.KimmelDS.Sprint1.Task1.V29", "Tyuiu.KimmelDS.Sprint1.Task1.V29\Tyuiu.KimmelDS.Sprint1.Task1.V29.csproj", "{1C410594-04B5-4A14-A4EF-88FB65C226B6}"
EndProject
Project("{9A19103F-16F7-4668-BE54-9A1E7A4F7556}") = "Tyuiu.KimmelDS.Sprint1.Task1.V29.Test", "Tyuiu.KimmelDS.Sprint1.Task1.V29.Test\Tyuiu.KimmelDS.Sprint1.Task1.V29.Test.csproj", "{A0FBD42D-6554-48AF-BC17-334943CC1650}"
EndProject
Project("{2150E333-8FDC-42A3-9474-1A3956D46DE8}") = "Task1", "Task1", "{3B030E2C-6F5A-4186-AC2E-85AA33107566}"
EndProject
Project("{9A19103F-16F7-4668-BE54-9A1E7A4F7556}") = "Tyuiu.KimmelDS.Sprint1.Task2.V29.Lib", "Tyuiu.KimmelDS.Sprint1.Task2.V29.Lib\Tyuiu.KimmelDS.Sprint1.Task2.V29.Lib.csproj", "{BC4A7BB6-94FC-4A68-ADA7-912EA6CD170D}"
EndProject
Project("{9A19103F-16F7-4668-BE54-9A1E7A4F7556}") = "Tyuiu.KimmelDS.Sprint1.Task2.V29", "Tyuiu.KimmelDS.Sprint1.Task2.V29\Tyuiu.KimmelDS.Sprint1.Task2.V29.csproj", "{A70EF610-B5ED-4A65-90FD-75B4B9BB9AA6}"
EndProject
Project("{9A19103F-16F7-4668-BE54-9A1E7A4F7556}") = "Tyuiu.KimmelDS.Sprint1.Task2.V29.Test", "Tyuiu.KimmelDS.Sprint1.Task2.V29.Test\Tyuiu.KimmelDS.Sprint1.Task2.V29.Test.csproj", "{F5293945-1400-4727-930F-704FFC128852}"
EndProject
Project("{2150E333-8FDC-42A3-9474-1A3956D46DE8}") = "Task2", "Task2", "{E60069EB-158A-49FB-942E-E64333451635}"
EndProject
Project("{9A19103F-16F7-4668-BE54-9A1E7A4F7556}") = "Tyuiu.KimmelDS.Sprint1.Task3.V10.Lib", "Tyuiu.KimmelDS.Sprint1.Task3.V10.Lib\Tyuiu.KimmelDS.Sprint1.Task3.V10.Lib.csproj", "{5CE11E70-20D2-44DF-B143-C76297A394BE}"
EndProject
Project("{9A19103F-16F7-4668-BE54-9A1E7A4F7556}") = "Tyuiu.KimmelDS.Sprint1.Task3.V10", "Tyuiu.KimmelDS.Sprint1.Task3.V10\Tyuiu.KimmelDS.Sprint1.Task3.V10.csproj", "{F91CB0B9-6D78-4073-8F5B-3222AB84817A}"
EndProject
Project("{9A19103F-16F7-4668-BE54-9A1E7A4F7556}") = "Tyuiu.KimmelDS.Sprint1.Task3.V10.Test", "Tyuiu.KimmelDS.Sprint1.Task3.V10.Test\Tyuiu.KimmelDS.Sprint1.Task3.V10.Test.csproj", "{C482B915-AB0E-4F7B-8695-E653CC9F78D5}"
EndProject
Project("{2150E333-8FDC-42A3-9474-1A3956D46DE8}") = "Task3", "Task3", "{781CC5F5-62B0-4869-AA02-CC27CCEA1CB0}"
EndProject
Project("{9A19103F-16F7-4668-BE54-9A1E7A4F7556}") = "Tyuiu.KimmelDS.Sprint1.Task4.V21.Lib", "Tyuiu.KimmelDS.Sprint1.Task4.V21.Lib\Tyuiu.KimmelDS.Sprint1.Task4.V21.Lib.csproj", "{161B1C90-ADF5-4EC2-A808-9F5C9ED82D26}"
EndProject
Project("{9A19103F-16F7-4668-BE54-9A1E7A4F7556}") = "Tyuiu.KimmelDS.Sprint1.Task4.V21", "Tyuiu.KimmelDS.Sprint1.Task4.V21\Tyuiu.KimmelDS.Sprint1.Task4.V21.csproj", "{7D363E96-B014-4AF3-ACC2-0DCA9CAE7C8B}"
EndProject
Project("{9A19103F-16F7-4668-BE54-9A1E7A4F7556}") = "Tyuiu.KimmelDS.Sprint1.Task4.V21.Test", "Tyuiu.KimmelDS.Sprint1.Task4.V21.Test\Tyuiu.KimmelDS.Sprint1.Task4.V21.Test.csproj", "{52A88381-2F6E-40E6-A8D1-41E5F89E8181}"
EndProject
Project("{2150E333-8FDC-42A3-9474-1A3956D46DE8}") = "Task4", "Task4", "{3CBCF738-0BA3-433B-8474-2EC28C9FD138}"
EndProject
Project("{9A19103F-16F7-4668-BE54-9A1E7A4F7556}") = "Tyuiu.KimmelDS.Sprint1.Task5.V1.Lib", "Tyuiu.KimmelDS.Sprint1.Task5.V1.Lib\Tyuiu.KimmelDS.Sprint1.Task5.V1.Lib.csproj", "{077330A7-52E2-42A3-B44A-660048362DE3}"
EndProject
Project("{9A19103F-16F7-4668-BE54-9A1E7A4F7556}") = "Tyuiu.KimmelDS.Sprint1.Task5.V1", "Tyuiu.KimmelDS.Sprint1.Task5.V1\Tyuiu.KimmelDS.Sprint1.Task5.V1.csproj", "{67E8143C-742D-4DA6-8AD5-4ECE4714FDA8}"
EndProject
Project("{9A19103F-16F7-4668-BE54-9A1E7A4F7556}") = "Tyuiu.KimmelDS.Sprint1.Task5.V1.Test", "Tyuiu.KimmelDS.Sprint1.Task5.V1.Test\Tyuiu.KimmelDS.Sprint1.Task5.V1.Test.csproj", "{5CAA42F1-5A6B-4D32-BAC6-5A1C93DFC64D}"
EndProject
Project("{2150E333-8FDC-42A3-9474-1A3956D46DE8}") = "Task5", "Task5", "{8E63898D-9F2D-4524-AE9E-D90497E873D4}"
EndProject
Project("{9A19103F-16F7-4668-BE54-9A1E7A4F7556}") = "Tyuiu.KimmelDS.Sprint1.Task6.V2.Lib", "Tyuiu.KimmelDS.Sprint1.Task6.V2.Lib\Tyuiu.KimmelDS.Sprint1.Task6.V2.Lib.csproj", "{1645483A-A6D5-4F3E-9B4D-9EA9A37BF300}"
EndProject
Project("{9A19103F-16F7-4668-BE54-9A1E7A4F7556}") = "Tyuiu.KimmelDS.Sprint1.Task6.V2", "Tyuiu.KimmelDS.Sprint1.Task6.V2\Tyuiu.KimmelDS.Sprint1.Task6.V2.csproj", "{740D8691-D57E-4E7B-9573-CBDC4CACA098}"
EndProject
Project("{9A19103F-16F7-4668-BE54-9A1E7A4F7556}") = "Tyuiu.KimmelDS.Sprint1.Task6.V2.Test", "Tyuiu.KimmelDS.Sprint1.Task6.V2.Test\Tyuiu.KimmelDS.Sprint1.Task6.V2.Test.csproj", "{B7A594DE-C254-4215-B50F-A48161D10E07}"
EndProject
Project("{2150E333-8FDC-42A3-9474-1A3956D46DE8}") = "Task6", "Task6", "{949ADEB7-A650-4EA5-B60D-77F0AC32C347}"
EndProject
Project("{9A19103F-16F7-4668-BE54-9A1E7A4F7556}") = "Tyuiu.KimmelDS.Sprint1.Task7.V26.Lib", "Tyuiu.KimmelDS.Sprint1.Task7.V26.Lib\Tyuiu.KimmelDS.Sprint1.Task7.V26.Lib.csproj", "{9D487BFC-7B54-40EC-B469-FD52A4C73F42}"
EndProject
Project("{9A19103F-16F7-4668-BE54-9A1E7A4F7556}") = "Tyuiu.KimmelDS.Sprint1.Task7.V26", "Tyuiu.KimmelDS.Sprint1.Task7.V26\Tyuiu.KimmelDS.Sprint1.Task7.V26.csproj", "{61BAD445-8181-4BA2-A32B-B60F4F50D1C5}"
EndProject
Project("{9A19103F-16F7-4668-BE54-9A1E7A4F7556}") = "Tyuiu.KimmelDS.Sprint1.Task7.V26.Test", "Tyuiu.KimmelDS.Sprint1.Task7.V26.Test\Tyuiu.KimmelDS.Sprint1.Task7.V26.Test.csproj", "{C9BFCC73-196D-4375-8302-751EFA364D91}"
EndProject
Project("{2150E333-8FDC-42A3-9474-1A3956D46DE8}") = "Task7", "Task7", "{3B610754-46FE-4DBE-B32A-DB5CD4DC3388}"
EndProject
Global
	GlobalSection(SolutionConfigurationPlatforms) = preSolution
		Debug|Any CPU = Debug|Any CPU
		Release|Any CPU = Release|Any CPU
	EndGlobalSection
	GlobalSection(ProjectConfigurationPlatforms) = postSolution
		{D3D10EF6-8A39-4AC6-8487-8140FEEBC585}.Debug|Any CPU.ActiveCfg = Debug|Any CPU
		{D3D10EF6-8A39-4AC6-8487-8140FEEBC585}.Debug|Any CPU.Build.0 = Debug|Any CPU
		{D3D10EF6-8A39-4AC6-8487-8140FEEBC585}.Release|Any CPU.ActiveCfg = Release|Any CPU
		{D3D10EF6-8A39-4AC6-8487-8140FEEBC585}.Release|Any CPU.Build.0 = Release|Any CPU
		{9C1FCE57-A0C0-4382-BDA9-FA4795D99BD0}.Debug|Any CPU.ActiveCfg = Debug|Any CPU
		{9C1FCE57-A0C0-4382-BDA9-FA4795D99BD0}.Debug|Any CPU.Build.0 = Debug|Any CPU
		{9C1FCE57-A0C0-4382-BDA9-FA4795D99BD0}.Release|Any CPU.ActiveCfg = Release|Any CPU
		{9C1FCE57-A0C0-4382-BDA9-FA4795D99BD0}.Release|Any CPU.Build.0 = Release|Any CPU
		{A6944EBC-8B87-480D-B67E-64D31558328B}.Debug|Any CPU.ActiveCfg = Debug|Any CPU
		{A6944EBC-8B87-480D-B67E-64D31558328B}.Debug|Any CPU.Build.0 = Debug|Any CPU
		{A6944EBC-8B87-480D-B67E-64D31558328B}.Release|Any CPU.ActiveCfg = Release|Any CPU
		{A6944EBC-8B87-480D-B67E-64D31558328B}.Release|Any CPU.Build.0 = Release|Any CPU
		{CD23DFE5-781D-420F-9C0A-C1A655065073}.Debug|Any CPU.ActiveCfg = Debug|Any CPU
		{CD23DFE5-781D-420F-9C0A-C1A655065073}.Debug|Any CPU.Build.0 = Debug|Any CPU
		{CD23DFE5-781D-420F-9C0A-C1A655065073}.Release|Any CPU.ActiveCfg = Release|Any CPU
		{CD23DFE5-781D-420F-9C0A-C1A655065073}.Release|Any CPU.Build.0 = Release|Any CPU
		{1C410594-04B5-4A14-A4EF-88FB65C226B6}.Debug|Any CPU.ActiveCfg = Debug|Any CPU
		{1C410594-04B5-4A14-A4EF-88FB65C226B6}.Debug|Any CPU.Build.0 = Debug|Any CPU
		{1C410594-04B5-4A14-A4EF-88FB65C226B6}.Release|Any CPU.ActiveCfg = Release|Any CPU
		{1C410594-04B5-4A14-A4EF-88FB65C226B6}.Release|Any CPU.Build.0 = Release|Any CPU
		{A0FBD42D-6554-48AF-BC17-334943CC1650}.Debug|Any CPU.ActiveCfg = Debug|Any CPU
		{A0FBD42D-6554-48AF-BC17-334943CC1650}.Debug|Any CPU.Build.0 = Debug|Any CPU
		{A0FBD42D-6554-48AF-BC17-334943CC1650}.Release|Any CPU.ActiveCfg = Release|Any CPU
		{A0FBD42D-6554-48AF-BC17-334943CC1650}.Release|Any CPU.Build.0 = Release|Any CPU
		{BC4A7BB6-94FC-4A68-ADA7-912EA6CD170D}.Debug|Any CPU.ActiveCfg = Debug|Any CPU
		{BC4A7BB6-94FC-4A68-ADA7-912EA6CD170D}.Debug|Any CPU.Build.0 = Debug|Any CPU
		{BC4A7BB6-94FC-4A68-ADA7-912EA6CD170D}.Release|Any CPU.ActiveCfg = Release|Any CPU
		{BC4A7BB6-94FC-4A68-ADA7-912EA6CD170D}.Release|Any CPU.Build.0 = Release|Any CPU
		{A70EF610-B5ED-4A65-90FD-75B4B9BB9AA6}.Debug|Any CPU.ActiveCfg = Debug|Any CPU
		{A70EF610-B5ED-4A65-90FD-75B4B9BB9AA6}.Debug|Any CPU.Build.0 = Debug|Any CPU
		{A70EF610-B5ED-4A65-90FD-75B4B9BB9AA6}.Release|Any CPU.ActiveCfg = Release|Any CPU
		{A70EF610-B5ED-4A65-90FD-75B4B9BB9AA6}.Release|Any CPU.Build.0 = Release|Any CPU
		{F5293945-1400-4727-930F-704FFC128852}.Debug|Any CPU.ActiveCfg = Debug|Any CPU
		{F5293945-1400-4727-930F-704FFC128852}.Debug|Any CPU.Build.0 = Debug|Any CPU
		{F5293945-1400-4727-930F-704FFC128852}.Release|Any CPU.ActiveCfg = Release|Any CPU
		{F5293945-1400-4727-930F-704FFC128852}.Release|Any CPU.Build.0 = Release|Any CPU
		{5CE11E70-20D2-44DF-B143-C76297A394BE}.Debug|Any CPU.ActiveCfg = Debug|Any CPU
		{5CE11E70-20D2-44DF-B143-C76297A394BE}.Debug|Any CPU.Build.0 = Debug|Any CPU
		{5CE11E70-20D2-44DF-B143-C76297A394BE}.Release|Any CPU.ActiveCfg = Release|Any CPU
		{5CE11E70-20D2-44DF-B143-C76297A394BE}.Release|Any CPU.Build.0 = Release|Any CPU
		{F91CB0B9-6D78-4073-8F5B-3222AB84817A}.Debug|Any CPU.ActiveCfg = Debug|Any CPU
		{F91CB0B9-6D78-4073-8F5B-3222AB84817A}.Debug|Any CPU.Build.0 = Debug|Any CPU
		{F91CB0B9-6D78-4073-8F5B-3222AB84817A}.Release|Any CPU.ActiveCfg = Release|Any CPU
		{F91CB0B9-6D78-4073-8F5B-3222AB84817A}.Release|Any CPU.Build.0 = Release|Any CPU
		{C482B915-AB0E-4F7B-8695-E653CC9F78D5}.Debug|Any CPU.ActiveCfg = Debug|Any CPU
		{C482B915-AB0E-4F7B-8695-E653CC9F78D5}.Debug|Any CPU.Build.0 = Debug|Any CPU
		{C482B915-AB0E-4F7B-8695-E653CC9F78D5}.Release|Any CPU.ActiveCfg = Release|Any CPU
		{C482B915-AB0E-4F7B-8695-E653CC9F78D5}.Release|Any CPU.Build.0 = Release|Any CPU
		{161B1C90-ADF5-4EC2-A808-9F5C9ED82D26}.Debug|Any CPU.ActiveCfg = Debug|Any CPU
		{161B1C90-ADF5-4EC2-A808-9F5C9ED82D26}.Debug|Any CPU.Build.0 = Debug|Any CPU
		{161B1C90-ADF5-4EC2-A808-9F5C9ED82D26}.Release|Any CPU.ActiveCfg = Release|Any CPU
		{161B1C90-ADF5-4EC2-A808-9F5C9ED82D26}.Release|Any CPU.Build.0 = Release|Any CPU
		{7D363E96-B014-4AF3-ACC2-0DCA9CAE7C8B}.Debug|Any CPU.ActiveCfg = Debug|Any CPU
		{7D363E96-B014-4AF3-ACC2-0DCA9CAE7C8B}.Debug|Any CPU.Build.0 = Debug|Any CPU
		{7D363E96-B014-4AF3-ACC2-0DCA9CAE7C8B}.Release|Any CPU.ActiveCfg = Release|Any CPU
		{7D363E96-B014-4AF3-ACC2-0DCA9CAE7C8B}.Release|Any CPU.Build.0 = Release|Any CPU
		{52A88381-2F6E-40E6-A8D1-41E5F89E8181}.Debug|Any CPU.ActiveCfg = Debug|Any CPU
		{52A88381-2F6E-40E6-A8D1-41E5F89E8181}.Debug|Any CPU.Build.0 = Debug|Any CPU
		{52A88381-2F6E-40E6-A8D1-41E5F89E8181}.Release|Any CPU.ActiveCfg = Release|Any CPU
		{52A88381-2F6E-40E6-A8D1-41E5F89E8181}.Release|Any CPU.Build.0 = Release|Any CPU
		{077330A7-52E2-42A3-B44A-660048362DE3}.Debug|Any CPU.ActiveCfg = Debug|Any CPU
		{077330A7-52E2-42A3-B44A-660048362DE3}.Debug|Any CPU.Build.0 = Debug|Any CPU
		{077330A7-52E2-42A3-B44A-660048362DE3}.Release|Any CPU.ActiveCfg = Release|Any CPU
		{077330A7-52E2-42A3-B44A-660048362DE3}.Release|Any CPU.Build.0 = Release|Any CPU
		{67E8143C-742D-4DA6-8AD5-4ECE4714FDA8}.Debug|Any CPU.ActiveCfg = Debug|Any CPU
		{67E8143C-742D-4DA6-8AD5-4ECE4714FDA8}.Debug|Any CPU.Build.0 = Debug|Any CPU
		{67E8143C-742D-4DA6-8AD5-4ECE4714FDA8}.Release|Any CPU.ActiveCfg = Release|Any CPU
		{67E8143C-742D-4DA6-8AD5-4ECE4714FDA8}.Release|Any CPU.Build.0 = Release|Any CPU
		{5CAA42F1-5A6B-4D32-BAC6-5A1C93DFC64D}.Debug|Any CPU.ActiveCfg = Debug|Any CPU
		{5CAA42F1-5A6B-4D32-BAC6-5A1C93DFC64D}.Debug|Any CPU.Build.0 = Debug|Any CPU
		{5CAA42F1-5A6B-4D32-BAC6-5A1C93DFC64D}.Release|Any CPU.ActiveCfg = Release|Any CPU
		{5CAA42F1-5A6B-4D32-BAC6-5A1C93DFC64D}.Release|Any CPU.Build.0 = Release|Any CPU
		{1645483A-A6D5-4F3E-9B4D-9EA9A37BF300}.Debug|Any CPU.ActiveCfg = Debug|Any CPU
		{1645483A-A6D5-4F3E-9B4D-9EA9A37BF300}.Debug|Any CPU.Build.0 = Debug|Any CPU
		{1645483A-A6D5-4F3E-9B4D-9EA9A37BF300}.Release|Any CPU.ActiveCfg = Release|Any CPU
		{1645483A-A6D5-4F3E-9B4D-9EA9A37BF300}.Release|Any CPU.Build.0 = Release|Any CPU
		{740D8691-D57E-4E7B-9573-CBDC4CACA098}.Debug|Any CPU.ActiveCfg = Debug|Any CPU
		{740D8691-D57E-4E7B-9573-CBDC4CACA098}.Debug|Any CPU.Build.0 = Debug|Any CPU
		{740D8691-D57E-4E7B-9573-CBDC4CACA098}.Release|Any CPU.ActiveCfg = Release|Any CPU
		{740D8691-D57E-4E7B-9573-CBDC4CACA098}.Release|Any CPU.Build.0 = Release|Any CPU
		{B7A594DE-C254-4215-B50F-A48161D10E07}.Debug|Any CPU.ActiveCfg = Debug|Any CPU
		{B7A594DE-C254-4215-B50F-A48161D10E07}.Debug|Any CPU.Build.0 = Debug|Any CPU
		{B7A594DE-C254-4215-B50F-A48161D10E07}.Release|Any CPU.ActiveCfg = Release|Any CPU
		{B7A594DE-C254-4215-B50F-A48161D10E07}.Release|Any CPU.Build.0 = Release|Any CPU
		{9D487BFC-7B54-40EC-B469-FD52A4C73F42}.Debug|Any CPU.ActiveCfg = Debug|Any CPU
		{9D487BFC-7B54-40EC-B469-FD52A4C73F42}.Debug|Any CPU.Build.0 = Debug|Any CPU
		{9D487BFC-7B54-40EC-B469-FD52A4C73F42}.Release|Any CPU.ActiveCfg = Release|Any CPU
		{9D487BFC-7B54-40EC-B469-FD52A4C73F42}.Release|Any CPU.Build.0 = Release|Any CPU
		{61BAD445-8181-4BA2-A32B-B60F4F50D1C5}.Debug|Any CPU.ActiveCfg = Debug|Any CPU
		{61BAD445-8181-4BA2-A32B-B60F4F50D1C5}.Debug|Any CPU.Build.0 = Debug|Any CPU
		{61BAD445-8181-4BA2-A32B-B60F4F50D1C5}.Release|Any CPU.ActiveCfg = Release|Any CPU
		{61BAD445-8181-4BA2-A32B-B60F4F50D1C5}.Release|Any CPU.Build.0 = Release|Any CPU
		{C9BFCC73-196D-4375-8302-751EFA364D91}.Debug|Any CPU.ActiveCfg = Debug|Any CPU
		{C9BFCC73-196D-4375-8302-751EFA364D91}.Debug|Any CPU.Build.0 = Debug|Any CPU
		{C9BFCC73-196D-4375-8302-751EFA364D91}.Release|Any CPU.ActiveCfg = Release|Any CPU
		{C9BFCC73-196D-4375-8302-751EFA364D91}.Release|Any CPU.Build.0 = Release|Any CPU
	EndGlobalSection
	GlobalSection(SolutionProperties) = preSolution
		HideSolutionNode = FALSE
	EndGlobalSection
	GlobalSection(NestedProjects) = preSolution
		{D3D10EF6-8A39-4AC6-8487-8140FEEBC585} = {50E5D090-5186-4A2E-B71D-365C7F24CD63}
		{9C1FCE57-A0C0-4382-BDA9-FA4795D99BD0} = {50E5D090-5186-4A2E-B71D-365C7F24CD63}
		{A6944EBC-8B87-480D-B67E-64D31558328B} = {50E5D090-5186-4A2E-B71D-365C7F24CD63}
		{CD23DFE5-781D-420F-9C0A-C1A655065073} = {3B030E2C-6F5A-4186-AC2E-85AA33107566}
		{1C410594-04B5-4A14-A4EF-88FB65C226B6} = {3B030E2C-6F5A-4186-AC2E-85AA33107566}
		{A0FBD42D-6554-48AF-BC17-334943CC1650} = {3B030E2C-6F5A-4186-AC2E-85AA33107566}
		{BC4A7BB6-94FC-4A68-ADA7-912EA6CD170D} = {E60069EB-158A-49FB-942E-E64333451635}
		{A70EF610-B5ED-4A65-90FD-75B4B9BB9AA6} = {E60069EB-158A-49FB-942E-E64333451635}
		{F5293945-1400-4727-930F-704FFC128852} = {E60069EB-158A-49FB-942E-E64333451635}
		{5CE11E70-20D2-44DF-B143-C76297A394BE} = {781CC5F5-62B0-4869-AA02-CC27CCEA1CB0}
		{F91CB0B9-6D78-4073-8F5B-3222AB84817A} = {781CC5F5-62B0-4869-AA02-CC27CCEA1CB0}
		{C482B915-AB0E-4F7B-8695-E653CC9F78D5} = {781CC5F5-62B0-4869-AA02-CC27CCEA1CB0}
		{161B1C90-ADF5-4EC2-A808-9F5C9ED82D26} = {3CBCF738-0BA3-433B-8474-2EC28C9FD138}
		{7D363E96-B014-4AF3-ACC2-0DCA9CAE7C8B} = {3CBCF738-0BA3-433B-8474-2EC28C9FD138}
		{52A88381-2F6E-40E6-A8D1-41E5F89E8181} = {3CBCF738-0BA3-433B-8474-2EC28C9FD138}
		{077330A7-52E2-42A3-B44A-660048362DE3} = {8E63898D-9F2D-4524-AE9E-D90497E873D4}
		{67E8143C-742D-4DA6-8AD5-4ECE4714FDA8} = {8E63898D-9F2D-4524-AE9E-D90497E873D4}
		{5CAA42F1-5A6B-4D32-BAC6-5A1C93DFC64D} = {8E63898D-9F2D-4524-AE9E-D90497E873D4}
		{1645483A-A6D5-4F3E-9B4D-9EA9A37BF300} = {949ADEB7-A650-4EA5-B60D-77F0AC32C347}
		{740D8691-D57E-4E7B-9573-CBDC4CACA098} = {949ADEB7-A650-4EA5-B60D-77F0AC32C347}
		{B7A594DE-C254-4215-B50F-A48161D10E07} = {949ADEB7-A650-4EA5-B60D-77F0AC32C347}
		{9D487BFC-7B54-40EC-B469-FD52A4C73F42} = {3B610754-46FE-4DBE-B32A-DB5CD4DC3388}
		{61BAD445-8181-4BA2-A32B-B60F4F50D1C5} = {3B610754-46FE-4DBE-B32A-DB5CD4DC3388}
		{C9BFCC73-196D-4375-8302-751EFA364D91} = {3B610754-46FE-4DBE-B32A-DB5CD4DC3388}
	EndGlobalSection
	GlobalSection(ExtensibilityGlobals) = postSolution
		SolutionGuid = {08EB973E-336C-4536-82DD-A0C2FBA532B8}
	EndGlobalSection
EndGlobal
